// !$*UTF8*$!
{
	archiveVersion = 1;
	classes = {
	};
	objectVersion = 46;
	objects = {

/* Begin PBXBuildFile section */
		924964501B5A5CAE00930F7F /* ProductDAO.swift in Sources */ = {isa = PBXBuildFile; fileRef = 9249644F1B5A5CAE00930F7F /* ProductDAO.swift */; };
		924964591B5A6F3600930F7F /* ProductBL.swift in Sources */ = {isa = PBXBuildFile; fileRef = 924964581B5A6F3600930F7F /* ProductBL.swift */; };
		9249645A1B5A71CF00930F7F /* ProductDAO.swift in Sources */ = {isa = PBXBuildFile; fileRef = 9249644F1B5A5CAE00930F7F /* ProductDAO.swift */; };
		9249645C1B5A71EF00930F7F /* ProductDAOTest.swift in Sources */ = {isa = PBXBuildFile; fileRef = 9249645B1B5A71EF00930F7F /* ProductDAOTest.swift */; };
		924964601B5A776F00930F7F /* ProductBLTest.swift in Sources */ = {isa = PBXBuildFile; fileRef = 9249645F1B5A776F00930F7F /* ProductBLTest.swift */; };
		924964611B5A779F00930F7F /* ProductBL.swift in Sources */ = {isa = PBXBuildFile; fileRef = 924964581B5A6F3600930F7F /* ProductBL.swift */; };
		9249646D1B5D505C00930F7F /* ProductManagedObject.swift in Sources */ = {isa = PBXBuildFile; fileRef = 924964621B5D41DF00930F7F /* ProductManagedObject.swift */; };
		924964701B5D53F800930F7F /* CoreDataDAO.swift in Sources */ = {isa = PBXBuildFile; fileRef = 924964681B5D43BE00930F7F /* CoreDataDAO.swift */; };
		924964711B5D54E200930F7F /* Product.swift in Sources */ = {isa = PBXBuildFile; fileRef = 9249646A1B5D466E00930F7F /* Product.swift */; };
		924964721B5D54E500930F7F /* Product.swift in Sources */ = {isa = PBXBuildFile; fileRef = 9249646A1B5D466E00930F7F /* Product.swift */; };
		924964731B5D54FC00930F7F /* CoreDataDAO.swift in Sources */ = {isa = PBXBuildFile; fileRef = 924964681B5D43BE00930F7F /* CoreDataDAO.swift */; };
		92FF29EB1B4ADCC10097249A /* AppDelegate.swift in Sources */ = {isa = PBXBuildFile; fileRef = 92FF29EA1B4ADCC10097249A /* AppDelegate.swift */; };
		92FF29EE1B4ADCC10097249A /* iOSTrainingApp.xcdatamodeld in Sources */ = {isa = PBXBuildFile; fileRef = 92FF29EC1B4ADCC10097249A /* iOSTrainingApp.xcdatamodeld */; };
		92FF29F01B4ADCC10097249A /* ProductListViewController.swift in Sources */ = {isa = PBXBuildFile; fileRef = 92FF29EF1B4ADCC10097249A /* ProductListViewController.swift */; };
		92FF29F31B4ADCC10097249A /* Main.storyboard in Resources */ = {isa = PBXBuildFile; fileRef = 92FF29F11B4ADCC10097249A /* Main.storyboard */; };
		92FF29F51B4ADCC10097249A /* Images.xcassets in Resources */ = {isa = PBXBuildFile; fileRef = 92FF29F41B4ADCC10097249A /* Images.xcassets */; };
		92FF29F81B4ADCC10097249A /* LaunchScreen.xib in Resources */ = {isa = PBXBuildFile; fileRef = 92FF29F61B4ADCC10097249A /* LaunchScreen.xib */; };
		92FF2A041B4ADCC10097249A /* iOSTrainingAppTests.swift in Sources */ = {isa = PBXBuildFile; fileRef = 92FF2A031B4ADCC10097249A /* iOSTrainingAppTests.swift */; };
		92FF2A0E1B4ADE550097249A /* Products.plist in Resources */ = {isa = PBXBuildFile; fileRef = 92FF2A0D1B4ADE550097249A /* Products.plist */; };
		92FF2A121B4ADE6B0097249A /* MX2.jpg in Resources */ = {isa = PBXBuildFile; fileRef = 92FF2A0F1B4ADE6B0097249A /* MX2.jpg */; };
		92FF2A131B4ADE6B0097249A /* MX3.jpg in Resources */ = {isa = PBXBuildFile; fileRef = 92FF2A101B4ADE6B0097249A /* MX3.jpg */; };
		92FF2A141B4ADE6B0097249A /* MX4.jpg in Resources */ = {isa = PBXBuildFile; fileRef = 92FF2A111B4ADE6B0097249A /* MX4.jpg */; };
		92FF2A191B4C10EE0097249A /* ProductCell.swift in Sources */ = {isa = PBXBuildFile; fileRef = 92FF2A181B4C10EE0097249A /* ProductCell.swift */; };
/* End PBXBuildFile section */

/* Begin PBXContainerItemProxy section */
		92FF29FE1B4ADCC10097249A /* PBXContainerItemProxy */ = {
			isa = PBXContainerItemProxy;
			containerPortal = 92FF29DD1B4ADCC10097249A /* Project object */;
			proxyType = 1;
			remoteGlobalIDString = 92FF29E41B4ADCC10097249A;
			remoteInfo = iOSTrainingApp;
		};
/* End PBXContainerItemProxy section */

/* Begin PBXFileReference section */
		9249644F1B5A5CAE00930F7F /* ProductDAO.swift */ = {isa = PBXFileReference; fileEncoding = 4; lastKnownFileType = sourcecode.swift; path = ProductDAO.swift; sourceTree = "<group>"; };
		924964581B5A6F3600930F7F /* ProductBL.swift */ = {isa = PBXFileReference; fileEncoding = 4; lastKnownFileType = sourcecode.swift; path = ProductBL.swift; sourceTree = "<group>"; };
		9249645B1B5A71EF00930F7F /* ProductDAOTest.swift */ = {isa = PBXFileReference; fileEncoding = 4; lastKnownFileType = sourcecode.swift; path = ProductDAOTest.swift; sourceTree = "<group>"; };
		9249645F1B5A776F00930F7F /* ProductBLTest.swift */ = {isa = PBXFileReference; fileEncoding = 4; lastKnownFileType = sourcecode.swift; path = ProductBLTest.swift; sourceTree = "<group>"; };
		924964621B5D41DF00930F7F /* ProductManagedObject.swift */ = {isa = PBXFileReference; fileEncoding = 4; lastKnownFileType = sourcecode.swift; path = ProductManagedObject.swift; sourceTree = "<group>"; };
		924964681B5D43BE00930F7F /* CoreDataDAO.swift */ = {isa = PBXFileReference; fileEncoding = 4; lastKnownFileType = sourcecode.swift; path = CoreDataDAO.swift; sourceTree = "<group>"; };
		9249646A1B5D466E00930F7F /* Product.swift */ = {isa = PBXFileReference; fileEncoding = 4; lastKnownFileType = sourcecode.swift; path = Product.swift; sourceTree = "<group>"; };
		92FF29E51B4ADCC10097249A /* iOSTrainingApp.app */ = {isa = PBXFileReference; explicitFileType = wrapper.application; includeInIndex = 0; path = iOSTrainingApp.app; sourceTree = BUILT_PRODUCTS_DIR; };
		92FF29E91B4ADCC10097249A /* Info.plist */ = {isa = PBXFileReference; lastKnownFileType = text.plist.xml; path = Info.plist; sourceTree = "<group>"; };
		92FF29EA1B4ADCC10097249A /* AppDelegate.swift */ = {isa = PBXFileReference; lastKnownFileType = sourcecode.swift; path = AppDelegate.swift; sourceTree = "<group>"; };
		92FF29ED1B4ADCC10097249A /* iOSTrainingApp.xcdatamodel */ = {isa = PBXFileReference; lastKnownFileType = wrapper.xcdatamodel; path = iOSTrainingApp.xcdatamodel; sourceTree = "<group>"; };
		92FF29EF1B4ADCC10097249A /* ProductListViewController.swift */ = {isa = PBXFileReference; lastKnownFileType = sourcecode.swift; path = ProductListViewController.swift; sourceTree = "<group>"; };
		92FF29F21B4ADCC10097249A /* Base */ = {isa = PBXFileReference; lastKnownFileType = file.storyboard; name = Base; path = Base.lproj/Main.storyboard; sourceTree = "<group>"; };
		92FF29F41B4ADCC10097249A /* Images.xcassets */ = {isa = PBXFileReference; lastKnownFileType = folder.assetcatalog; path = Images.xcassets; sourceTree = "<group>"; };
		92FF29F71B4ADCC10097249A /* Base */ = {isa = PBXFileReference; lastKnownFileType = file.xib; name = Base; path = Base.lproj/LaunchScreen.xib; sourceTree = "<group>"; };
		92FF29FD1B4ADCC10097249A /* iOSTrainingAppTests.xctest */ = {isa = PBXFileReference; explicitFileType = wrapper.cfbundle; includeInIndex = 0; path = iOSTrainingAppTests.xctest; sourceTree = BUILT_PRODUCTS_DIR; };
		92FF2A021B4ADCC10097249A /* Info.plist */ = {isa = PBXFileReference; lastKnownFileType = text.plist.xml; path = Info.plist; sourceTree = "<group>"; };
		92FF2A031B4ADCC10097249A /* iOSTrainingAppTests.swift */ = {isa = PBXFileReference; lastKnownFileType = sourcecode.swift; path = iOSTrainingAppTests.swift; sourceTree = "<group>"; };
		92FF2A0D1B4ADE550097249A /* Products.plist */ = {isa = PBXFileReference; fileEncoding = 4; lastKnownFileType = text.plist.xml; path = Products.plist; sourceTree = "<group>"; };
		92FF2A0F1B4ADE6B0097249A /* MX2.jpg */ = {isa = PBXFileReference; lastKnownFileType = image.jpeg; path = MX2.jpg; sourceTree = "<group>"; };
		92FF2A101B4ADE6B0097249A /* MX3.jpg */ = {isa = PBXFileReference; lastKnownFileType = image.jpeg; path = MX3.jpg; sourceTree = "<group>"; };
		92FF2A111B4ADE6B0097249A /* MX4.jpg */ = {isa = PBXFileReference; lastKnownFileType = image.jpeg; path = MX4.jpg; sourceTree = "<group>"; };
		92FF2A181B4C10EE0097249A /* ProductCell.swift */ = {isa = PBXFileReference; fileEncoding = 4; lastKnownFileType = sourcecode.swift; name = ProductCell.swift; path = ../../iOSTrainingApp_fail_with_master/iOSTrainingApp/ProductCell.swift; sourceTree = "<group>"; };
/* End PBXFileReference section */

/* Begin PBXFrameworksBuildPhase section */
		92FF29E21B4ADCC10097249A /* Frameworks */ = {
			isa = PBXFrameworksBuildPhase;
			buildActionMask = 2147483647;
			files = (
			);
			runOnlyForDeploymentPostprocessing = 0;
		};
		92FF29FA1B4ADCC10097249A /* Frameworks */ = {
			isa = PBXFrameworksBuildPhase;
			buildActionMask = 2147483647;
			files = (
			);
			runOnlyForDeploymentPostprocessing = 0;
		};
/* End PBXFrameworksBuildPhase section */

/* Begin PBXGroup section */
		9249644A1B5A5C1400930F7F /* PresentationLayer */ = {
			isa = PBXGroup;
			children = (
				92FF29EA1B4ADCC10097249A /* AppDelegate.swift */,
				92FF2A181B4C10EE0097249A /* ProductCell.swift */,
				92FF29EF1B4ADCC10097249A /* ProductListViewController.swift */,
				92FF29F11B4ADCC10097249A /* Main.storyboard */,
				92FF29F41B4ADCC10097249A /* Images.xcassets */,
				92FF29F61B4ADCC10097249A /* LaunchScreen.xib */,
				92FF29E81B4ADCC10097249A /* Supporting Files */,
			);
			name = PresentationLayer;
			sourceTree = "<group>";
		};
		9249644B1B5A5C4900930F7F /* BusinessLogicLayer */ = {
			isa = PBXGroup;
			children = (
				924964581B5A6F3600930F7F /* ProductBL.swift */,
			);
			name = BusinessLogicLayer;
			sourceTree = "<group>";
		};
		9249644C1B5A5C5500930F7F /* PersistenceLayer */ = {
			isa = PBXGroup;
			children = (
				9249644D1B5A5C6E00930F7F /* dao */,
				9249644E1B5A5C7600930F7F /* domain */,
			);
			name = PersistenceLayer;
			sourceTree = "<group>";
		};
		9249644D1B5A5C6E00930F7F /* dao */ = {
			isa = PBXGroup;
			children = (
				9249644F1B5A5CAE00930F7F /* ProductDAO.swift */,
				924964681B5D43BE00930F7F /* CoreDataDAO.swift */,
			);
			name = dao;
			sourceTree = "<group>";
		};
		9249644E1B5A5C7600930F7F /* domain */ = {
			isa = PBXGroup;
			children = (
				924964621B5D41DF00930F7F /* ProductManagedObject.swift */,
				9249646A1B5D466E00930F7F /* Product.swift */,
			);
			name = domain;
			sourceTree = "<group>";
		};
		924964531B5A6BE000930F7F /* PersistenceLayer */ = {
			isa = PBXGroup;
			children = (
				924964541B5A6BF100930F7F /* dao */,
			);
			name = PersistenceLayer;
			sourceTree = "<group>";
		};
		924964541B5A6BF100930F7F /* dao */ = {
			isa = PBXGroup;
			children = (
				9249645B1B5A71EF00930F7F /* ProductDAOTest.swift */,
			);
			name = dao;
			sourceTree = "<group>";
		};
		9249645E1B5A775B00930F7F /* BusinessLogicLayer */ = {
			isa = PBXGroup;
			children = (
				9249645F1B5A776F00930F7F /* ProductBLTest.swift */,
			);
			name = BusinessLogicLayer;
			sourceTree = "<group>";
		};
		92FF29DC1B4ADCC10097249A = {
			isa = PBXGroup;
			children = (
				92FF29E71B4ADCC10097249A /* iOSTrainingApp */,
				92FF2A001B4ADCC10097249A /* iOSTrainingAppTests */,
				92FF29E61B4ADCC10097249A /* Products */,
			);
			sourceTree = "<group>";
		};
		92FF29E61B4ADCC10097249A /* Products */ = {
			isa = PBXGroup;
			children = (
				92FF29E51B4ADCC10097249A /* iOSTrainingApp.app */,
				92FF29FD1B4ADCC10097249A /* iOSTrainingAppTests.xctest */,
			);
			name = Products;
			sourceTree = "<group>";
		};
		92FF29E71B4ADCC10097249A /* iOSTrainingApp */ = {
			isa = PBXGroup;
			children = (
				9249644C1B5A5C5500930F7F /* PersistenceLayer */,
				92FF29EC1B4ADCC10097249A /* iOSTrainingApp.xcdatamodeld */,
				9249644B1B5A5C4900930F7F /* BusinessLogicLayer */,
				9249644A1B5A5C1400930F7F /* PresentationLayer */,
			);
			path = iOSTrainingApp;
			sourceTree = "<group>";
		};
		92FF29E81B4ADCC10097249A /* Supporting Files */ = {
			isa = PBXGroup;
			children = (
				92FF2A151B4ADE710097249A /* ProductImages */,
				92FF2A0D1B4ADE550097249A /* Products.plist */,
				92FF29E91B4ADCC10097249A /* Info.plist */,
			);
			name = "Supporting Files";
			sourceTree = "<group>";
		};
		92FF2A001B4ADCC10097249A /* iOSTrainingAppTests */ = {
			isa = PBXGroup;
			children = (
				9249645E1B5A775B00930F7F /* BusinessLogicLayer */,
				924964531B5A6BE000930F7F /* PersistenceLayer */,
				92FF2A031B4ADCC10097249A /* iOSTrainingAppTests.swift */,
				92FF2A011B4ADCC10097249A /* Supporting Files */,
			);
			path = iOSTrainingAppTests;
			sourceTree = "<group>";
		};
		92FF2A011B4ADCC10097249A /* Supporting Files */ = {
			isa = PBXGroup;
			children = (
				92FF2A021B4ADCC10097249A /* Info.plist */,
			);
			name = "Supporting Files";
			sourceTree = "<group>";
		};
		92FF2A151B4ADE710097249A /* ProductImages */ = {
			isa = PBXGroup;
			children = (
				92FF2A0F1B4ADE6B0097249A /* MX2.jpg */,
				92FF2A101B4ADE6B0097249A /* MX3.jpg */,
				92FF2A111B4ADE6B0097249A /* MX4.jpg */,
			);
			name = ProductImages;
			sourceTree = "<group>";
		};
/* End PBXGroup section */

/* Begin PBXNativeTarget section */
		92FF29E41B4ADCC10097249A /* iOSTrainingApp */ = {
			isa = PBXNativeTarget;
			buildConfigurationList = 92FF2A071B4ADCC10097249A /* Build configuration list for PBXNativeTarget "iOSTrainingApp" */;
			buildPhases = (
				92FF29E11B4ADCC10097249A /* Sources */,
				92FF29E21B4ADCC10097249A /* Frameworks */,
				92FF29E31B4ADCC10097249A /* Resources */,
			);
			buildRules = (
			);
			dependencies = (
			);
			name = iOSTrainingApp;
			productName = iOSTrainingApp;
			productReference = 92FF29E51B4ADCC10097249A /* iOSTrainingApp.app */;
			productType = "com.apple.product-type.application";
		};
		92FF29FC1B4ADCC10097249A /* iOSTrainingAppTests */ = {
			isa = PBXNativeTarget;
			buildConfigurationList = 92FF2A0A1B4ADCC10097249A /* Build configuration list for PBXNativeTarget "iOSTrainingAppTests" */;
			buildPhases = (
				92FF29F91B4ADCC10097249A /* Sources */,
				92FF29FA1B4ADCC10097249A /* Frameworks */,
				92FF29FB1B4ADCC10097249A /* Resources */,
			);
			buildRules = (
			);
			dependencies = (
				92FF29FF1B4ADCC10097249A /* PBXTargetDependency */,
			);
			name = iOSTrainingAppTests;
			productName = iOSTrainingAppTests;
			productReference = 92FF29FD1B4ADCC10097249A /* iOSTrainingAppTests.xctest */;
			productType = "com.apple.product-type.bundle.unit-test";
		};
/* End PBXNativeTarget section */

/* Begin PBXProject section */
		92FF29DD1B4ADCC10097249A /* Project object */ = {
			isa = PBXProject;
			attributes = {
				LastUpgradeCheck = 0630;
				ORGANIZATIONNAME = "hengjie chen";
				TargetAttributes = {
					92FF29E41B4ADCC10097249A = {
						CreatedOnToolsVersion = 6.3.2;
					};
					92FF29FC1B4ADCC10097249A = {
						CreatedOnToolsVersion = 6.3.2;
						TestTargetID = 92FF29E41B4ADCC10097249A;
					};
				};
			};
			buildConfigurationList = 92FF29E01B4ADCC10097249A /* Build configuration list for PBXProject "iOSTrainingApp" */;
			compatibilityVersion = "Xcode 3.2";
			developmentRegion = English;
			hasScannedForEncodings = 0;
			knownRegions = (
				en,
				Base,
			);
			mainGroup = 92FF29DC1B4ADCC10097249A;
			productRefGroup = 92FF29E61B4ADCC10097249A /* Products */;
			projectDirPath = "";
			projectRoot = "";
			targets = (
				92FF29E41B4ADCC10097249A /* iOSTrainingApp */,
				92FF29FC1B4ADCC10097249A /* iOSTrainingAppTests */,
			);
		};
/* End PBXProject section */

/* Begin PBXResourcesBuildPhase section */
		92FF29E31B4ADCC10097249A /* Resources */ = {
			isa = PBXResourcesBuildPhase;
			buildActionMask = 2147483647;
			files = (
				92FF2A131B4ADE6B0097249A /* MX3.jpg in Resources */,
				92FF2A0E1B4ADE550097249A /* Products.plist in Resources */,
				92FF29F31B4ADCC10097249A /* Main.storyboard in Resources */,
				92FF2A121B4ADE6B0097249A /* MX2.jpg in Resources */,
				92FF29F81B4ADCC10097249A /* LaunchScreen.xib in Resources */,
				92FF29F51B4ADCC10097249A /* Images.xcassets in Resources */,
				92FF2A141B4ADE6B0097249A /* MX4.jpg in Resources */,
			);
			runOnlyForDeploymentPostprocessing = 0;
		};
		92FF29FB1B4ADCC10097249A /* Resources */ = {
			isa = PBXResourcesBuildPhase;
			buildActionMask = 2147483647;
			files = (
			);
			runOnlyForDeploymentPostprocessing = 0;
		};
/* End PBXResourcesBuildPhase section */

/* Begin PBXSourcesBuildPhase section */
		92FF29E11B4ADCC10097249A /* Sources */ = {
			isa = PBXSourcesBuildPhase;
			buildActionMask = 2147483647;
			files = (
				92FF29F01B4ADCC10097249A /* ProductListViewController.swift in Sources */,
				924964501B5A5CAE00930F7F /* ProductDAO.swift in Sources */,
				924964711B5D54E200930F7F /* Product.swift in Sources */,
				92FF2A191B4C10EE0097249A /* ProductCell.swift in Sources */,
				92FF29EB1B4ADCC10097249A /* AppDelegate.swift in Sources */,
				924964701B5D53F800930F7F /* CoreDataDAO.swift in Sources */,
				924964591B5A6F3600930F7F /* ProductBL.swift in Sources */,
				92FF29EE1B4ADCC10097249A /* iOSTrainingApp.xcdatamodeld in Sources */,
				9249646D1B5D505C00930F7F /* ProductManagedObject.swift in Sources */,
			);
			runOnlyForDeploymentPostprocessing = 0;
		};
		92FF29F91B4ADCC10097249A /* Sources */ = {
			isa = PBXSourcesBuildPhase;
			buildActionMask = 2147483647;
			files = (
				9249645A1B5A71CF00930F7F /* ProductDAO.swift in Sources */,
				9249645C1B5A71EF00930F7F /* ProductDAOTest.swift in Sources */,
				924964611B5A779F00930F7F /* ProductBL.swift in Sources */,
				92FF2A041B4ADCC10097249A /* iOSTrainingAppTests.swift in Sources */,
				924964731B5D54FC00930F7F /* CoreDataDAO.swift in Sources */,
				924964601B5A776F00930F7F /* ProductBLTest.swift in Sources */,
				924964721B5D54E500930F7F /* Product.swift in Sources */,
			);
			runOnlyForDeploymentPostprocessing = 0;
		};
/* End PBXSourcesBuildPhase section */

/* Begin PBXTargetDependency section */
		92FF29FF1B4ADCC10097249A /* PBXTargetDependency */ = {
			isa = PBXTargetDependency;
			target = 92FF29E41B4ADCC10097249A /* iOSTrainingApp */;
			targetProxy = 92FF29FE1B4ADCC10097249A /* PBXContainerItemProxy */;
		};
/* End PBXTargetDependency section */

/* Begin PBXVariantGroup section */
		92FF29F11B4ADCC10097249A /* Main.storyboard */ = {
			isa = PBXVariantGroup;
			children = (
				92FF29F21B4ADCC10097249A /* Base */,
			);
			name = Main.storyboard;
			sourceTree = "<group>";
		};
		92FF29F61B4ADCC10097249A /* LaunchScreen.xib */ = {
			isa = PBXVariantGroup;
			children = (
				92FF29F71B4ADCC10097249A /* Base */,
			);
			name = LaunchScreen.xib;
			sourceTree = "<group>";
		};
/* End PBXVariantGroup section */

/* Begin XCBuildConfiguration section */
		92FF2A051B4ADCC10097249A /* Debug */ = {
			isa = XCBuildConfiguration;
			buildSettings = {
				ALWAYS_SEARCH_USER_PATHS = NO;
				CLANG_CXX_LANGUAGE_STANDARD = "gnu++0x";
				CLANG_CXX_LIBRARY = "libc++";
				CLANG_ENABLE_MODULES = YES;
				CLANG_ENABLE_OBJC_ARC = YES;
				CLANG_WARN_BOOL_CONVERSION = YES;
				CLANG_WARN_CONSTANT_CONVERSION = YES;
				CLANG_WARN_DIRECT_OBJC_ISA_USAGE = YES_ERROR;
				CLANG_WARN_EMPTY_BODY = YES;
				CLANG_WARN_ENUM_CONVERSION = YES;
				CLANG_WARN_INT_CONVERSION = YES;
				CLANG_WARN_OBJC_ROOT_CLASS = YES_ERROR;
				CLANG_WARN_UNREACHABLE_CODE = YES;
				CLANG_WARN__DUPLICATE_METHOD_MATCH = YES;
				"CODE_SIGN_IDENTITY[sdk=iphoneos*]" = "iPhone Developer";
				COPY_PHASE_STRIP = NO;
				DEBUG_INFORMATION_FORMAT = "dwarf-with-dsym";
				ENABLE_STRICT_OBJC_MSGSEND = YES;
				GCC_C_LANGUAGE_STANDARD = gnu99;
				GCC_DYNAMIC_NO_PIC = NO;
				GCC_NO_COMMON_BLOCKS = YES;
				GCC_OPTIMIZATION_LEVEL = 0;
				GCC_PREPROCESSOR_DEFINITIONS = (
					"DEBUG=1",
					"$(inherited)",
				);
				GCC_SYMBOLS_PRIVATE_EXTERN = NO;
				GCC_WARN_64_TO_32_BIT_CONVERSION = YES;
				GCC_WARN_ABOUT_RETURN_TYPE = YES_ERROR;
				GCC_WARN_UNDECLARED_SELECTOR = YES;
				GCC_WARN_UNINITIALIZED_AUTOS = YES_AGGRESSIVE;
				GCC_WARN_UNUSED_FUNCTION = YES;
				GCC_WARN_UNUSED_VARIABLE = YES;
				IPHONEOS_DEPLOYMENT_TARGET = 8.3;
				MTL_ENABLE_DEBUG_INFO = YES;
				ONLY_ACTIVE_ARCH = YES;
				SDKROOT = iphoneos;
				SWIFT_OPTIMIZATION_LEVEL = "-Onone";
				TARGETED_DEVICE_FAMILY = "1,2";
			};
			name = Debug;
		};
		92FF2A061B4ADCC10097249A /* Release */ = {
			isa = XCBuildConfiguration;
			buildSettings = {
				ALWAYS_SEARCH_USER_PATHS = NO;
				CLANG_CXX_LANGUAGE_STANDARD = "gnu++0x";
				CLANG_CXX_LIBRARY = "libc++";
				CLANG_ENABLE_MODULES = YES;
				CLANG_ENABLE_OBJC_ARC = YES;
				CLANG_WARN_BOOL_CONVERSION = YES;
				CLANG_WARN_CONSTANT_CONVERSION = YES;
				CLANG_WARN_DIRECT_OBJC_ISA_USAGE = YES_ERROR;
				CLANG_WARN_EMPTY_BODY = YES;
				CLANG_WARN_ENUM_CONVERSION = YES;
				CLANG_WARN_INT_CONVERSION = YES;
				CLANG_WARN_OBJC_ROOT_CLASS = YES_ERROR;
				CLANG_WARN_UNREACHABLE_CODE = YES;
				CLANG_WARN__DUPLICATE_METHOD_MATCH = YES;
				"CODE_SIGN_IDENTITY[sdk=iphoneos*]" = "iPhone Developer";
				COPY_PHASE_STRIP = NO;
				DEBUG_INFORMATION_FORMAT = "dwarf-with-dsym";
				ENABLE_NS_ASSERTIONS = NO;
				ENABLE_STRICT_OBJC_MSGSEND = YES;
				GCC_C_LANGUAGE_STANDARD = gnu99;
				GCC_NO_COMMON_BLOCKS = YES;
				GCC_WARN_64_TO_32_BIT_CONVERSION = YES;
				GCC_WARN_ABOUT_RETURN_TYPE = YES_ERROR;
				GCC_WARN_UNDECLARED_SELECTOR = YES;
				GCC_WARN_UNINITIALIZED_AUTOS = YES_AGGRESSIVE;
				GCC_WARN_UNUSED_FUNCTION = YES;
				GCC_WARN_UNUSED_VARIABLE = YES;
				IPHONEOS_DEPLOYMENT_TARGET = 8.3;
				MTL_ENABLE_DEBUG_INFO = NO;
				SDKROOT = iphoneos;
				TARGETED_DEVICE_FAMILY = "1,2";
				VALIDATE_PRODUCT = YES;
			};
			name = Release;
		};
		92FF2A081B4ADCC10097249A /* Debug */ = {
			isa = XCBuildConfiguration;
			buildSettings = {
				ASSETCATALOG_COMPILER_APPICON_NAME = AppIcon;
				INFOPLIST_FILE = iOSTrainingApp/Info.plist;
				IPHONEOS_DEPLOYMENT_TARGET = 7.0;
				LD_RUNPATH_SEARCH_PATHS = "$(inherited) @executable_path/Frameworks";
				PRODUCT_NAME = "$(TARGET_NAME)";
			};
			name = Debug;
		};
		92FF2A091B4ADCC10097249A /* Release */ = {
			isa = XCBuildConfiguration;
			buildSettings = {
				ASSETCATALOG_COMPILER_APPICON_NAME = AppIcon;
				INFOPLIST_FILE = iOSTrainingApp/Info.plist;
				IPHONEOS_DEPLOYMENT_TARGET = 7.0;
				LD_RUNPATH_SEARCH_PATHS = "$(inherited) @executable_path/Frameworks";
				PRODUCT_NAME = "$(TARGET_NAME)";
			};
			name = Release;
		};
		92FF2A0B1B4ADCC10097249A /* Debug */ = {
			isa = XCBuildConfiguration;
			buildSettings = {
				BUNDLE_LOADER = "$(TEST_HOST)";
				FRAMEWORK_SEARCH_PATHS = (
					"$(SDKROOT)/Developer/Library/Frameworks",
					"$(inherited)",
				);
				GCC_PREPROCESSOR_DEFINITIONS = (
					"DEBUG=1",
					"$(inherited)",
				);
				INFOPLIST_FILE = iOSTrainingAppTests/Info.plist;
				LD_RUNPATH_SEARCH_PATHS = "$(inherited) @executable_path/Frameworks @loader_path/Frameworks";
				PRODUCT_NAME = "$(TARGET_NAME)";
				TEST_HOST = "$(BUILT_PRODUCTS_DIR)/iOSTrainingApp.app/iOSTrainingApp";
			};
			name = Debug;
		};
		92FF2A0C1B4ADCC10097249A /* Release */ = {
			isa = XCBuildConfiguration;
			buildSettings = {
				BUNDLE_LOADER = "$(TEST_HOST)";
				FRAMEWORK_SEARCH_PATHS = (
					"$(SDKROOT)/Developer/Library/Frameworks",
					"$(inherited)",
				);
				INFOPLIST_FILE = iOSTrainingAppTests/Info.plist;
				LD_RUNPATH_SEARCH_PATHS = "$(inherited) @executable_path/Frameworks @loader_path/Frameworks";
				PRODUCT_NAME = "$(TARGET_NAME)";
				TEST_HOST = "$(BUILT_PRODUCTS_DIR)/iOSTrainingApp.app/iOSTrainingApp";
			};
			name = Release;
		};
/* End XCBuildConfiguration section */

/* Begin XCConfigurationList section */
		92FF29E01B4ADCC10097249A /* Build configuration list for PBXProject "iOSTrainingApp" */ = {
			isa = XCConfigurationList;
			buildConfigurations = (
				92FF2A051B4ADCC10097249A /* Debug */,
				92FF2A061B4ADCC10097249A /* Release */,
			);
			defaultConfigurationIsVisible = 0;
			defaultConfigurationName = Release;
		};
		92FF2A071B4ADCC10097249A /* Build configuration list for PBXNativeTarget "iOSTrainingApp" */ = {
			isa = XCConfigurationList;
			buildConfigurations = (
				92FF2A081B4ADCC10097249A /* Debug */,
				92FF2A091B4ADCC10097249A /* Release */,
			);
			defaultConfigurationIsVisible = 0;
			defaultConfigurationName = Release;
		};
		92FF2A0A1B4ADCC10097249A /* Build configuration list for PBXNativeTarget "iOSTrainingAppTests" */ = {
			isa = XCConfigurationList;
			buildConfigurations = (
				92FF2A0B1B4ADCC10097249A /* Debug */,
				92FF2A0C1B4ADCC10097249A /* Release */,
			);
			defaultConfigurationIsVisible = 0;
			defaultConfigurationName = Release;
		};
/* End XCConfigurationList section */

/* Begin XCVersionGroup section */
		92FF29EC1B4ADCC10097249A /* iOSTrainingApp.xcdatamodeld */ = {
			isa = XCVersionGroup;
			children = (
				92FF29ED1B4ADCC10097249A /* iOSTrainingApp.xcdatamodel */,
			);
			currentVersion = 92FF29ED1B4ADCC10097249A /* iOSTrainingApp.xcdatamodel */;
			path = iOSTrainingApp.xcdatamodeld;
			sourceTree = "<group>";
			versionGroupType = wrapper.xcdatamodel;
		};
/* End XCVersionGroup section */
	};
	rootObject = 92FF29DD1B4ADCC10097249A /* Project object */;
}
